NeoBundleLock ack.vim 0a7d28bfb130696f73d122cac99d8903e066c896
NeoBundleLock ctrlp.vim b5d3fe66a58a13d2ff8b6391f4387608496a030f
NeoBundleLock goyo.vim 635109f51413392cb1321399529298737c5bed78
NeoBundleLock neomru.vim 8aa00e181bb764956a40764ae325a485a93f513a
NeoBundleLock nerdtree 0b44415a3302030b56755cc1135ca9ca57dc1ada
NeoBundleLock syntastic f6eaf7e8b85b16a049c9985a13e8e237d906a71d
NeoBundleLock unite.vim 3a49c0d56ff4b9bfd13612de1106efacf9f955ba
NeoBundleLock vim-airline 14d14cf951c08fc88ca6c3e6f28fe47b99421e23
NeoBundleLock vim-colors-solarized 4c8b3d38eb673c31875749cf84f0c4ed2721040d
NeoBundleLock vim-easy-align 7cb559eb70600bbd81afbb2d7f60d98334f631e2
NeoBundleLock vim-signature d563023386183c96cebd7487856724fc79514058
NeoBundleLock vim-surround 2d05440ad23f97a7874ebd9b5de3a0e65d25d85c
NeoBundleLock vim-zenroom2 948734e280ed90db446dfc2cae7d5d8828d1e051
NeoBundleLock vimproc.vim 18b518260b3a517bf4f3fa7e75242f8b3567c0f8
